
Microsoft Visual Studio Solution File, Format Version 12.00
# Visual Studio 15
Project("{FAE04EC0-301F-11D3-BF4B-00C04F79EFBC}") = "EnoxSoftware.OpenCVForUnity", "EnoxSoftware.OpenCVForUnity.csproj", "{72FB1BB9-1146-CB8A-73EE-16C106B91DE2}"
EndProject
Project("{FAE04EC0-301F-11D3-BF4B-00C04F79EFBC}") = "Assembly-CSharp", "Assembly-CSharp.csproj", "{DC23820F-B56C-95F6-F500-0335D2CA841E}"
EndProject
Project("{FAE04EC0-301F-11D3-BF4B-00C04F79EFBC}") = "NavMeshComponentsExamples", "NavMeshComponentsExamples.csproj", "{06596936-2E73-6884-2CAC-2C0CBC57B425}"
EndProject
Project("{FAE04EC0-301F-11D3-BF4B-00C04F79EFBC}") = "NavMeshComponentsTestsPlaymode", "NavMeshComponentsTestsPlaymode.csproj", "{BA580195-4014-42EE-655F-B0F3E4D6144C}"
EndProject
Project("{FAE04EC0-301F-11D3-BF4B-00C04F79EFBC}") = "NavMeshComponents", "NavMeshComponents.csproj", "{1ED2762F-57BF-C191-AFC2-7B8E18F8F4CE}"
EndProject
Project("{FAE04EC0-301F-11D3-BF4B-00C04F79EFBC}") = "NavMeshComponentsEditor", "NavMeshComponentsEditor.csproj", "{684A1C2D-94D0-940D-39AA-33B83146334B}"
EndProject
Project("{FAE04EC0-301F-11D3-BF4B-00C04F79EFBC}") = "EnoxSoftware.OpenCVForUnity.Editor", "EnoxSoftware.OpenCVForUnity.Editor.csproj", "{409E9B87-DB62-944A-0442-39AA1A5540B1}"
EndProject
Project("{FAE04EC0-301F-11D3-BF4B-00C04F79EFBC}") = "NavMeshComponentsExamplesEditor", "NavMeshComponentsExamplesEditor.csproj", "{82E54B6E-A1C7-B7AD-EF40-81C141A3E342}"
EndProject
Project("{FAE04EC0-301F-11D3-BF4B-00C04F79EFBC}") = "NavMeshComponentsTestsEditmode", "NavMeshComponentsTestsEditmode.csproj", "{5A03ABAA-D588-8FF5-F57C-5F63EBB3A47D}"
EndProject
Global
	GlobalSection(SolutionConfigurationPlatforms) = preSolution
		Debug|Any CPU = Debug|Any CPU
		Release|Any CPU = Release|Any CPU
	EndGlobalSection
	GlobalSection(ProjectConfigurationPlatforms) = postSolution
		{72FB1BB9-1146-CB8A-73EE-16C106B91DE2}.Debug|Any CPU.ActiveCfg = Debug|Any CPU
		{72FB1BB9-1146-CB8A-73EE-16C106B91DE2}.Debug|Any CPU.Build.0 = Debug|Any CPU
		{72FB1BB9-1146-CB8A-73EE-16C106B91DE2}.Release|Any CPU.ActiveCfg = Release|Any CPU
		{72FB1BB9-1146-CB8A-73EE-16C106B91DE2}.Release|Any CPU.Build.0 = Release|Any CPU
		{DC23820F-B56C-95F6-F500-0335D2CA841E}.Debug|Any CPU.ActiveCfg = Debug|Any CPU
		{DC23820F-B56C-95F6-F500-0335D2CA841E}.Debug|Any CPU.Build.0 = Debug|Any CPU
		{DC23820F-B56C-95F6-F500-0335D2CA841E}.Release|Any CPU.ActiveCfg = Release|Any CPU
		{DC23820F-B56C-95F6-F500-0335D2CA841E}.Release|Any CPU.Build.0 = Release|Any CPU
		{06596936-2E73-6884-2CAC-2C0CBC57B425}.Debug|Any CPU.ActiveCfg = Debug|Any CPU
		{06596936-2E73-6884-2CAC-2C0CBC57B425}.Debug|Any CPU.Build.0 = Debug|Any CPU
		{06596936-2E73-6884-2CAC-2C0CBC57B425}.Release|Any CPU.ActiveCfg = Release|Any CPU
		{06596936-2E73-6884-2CAC-2C0CBC57B425}.Release|Any CPU.Build.0 = Release|Any CPU
		{BA580195-4014-42EE-655F-B0F3E4D6144C}.Debug|Any CPU.ActiveCfg = Debug|Any CPU
		{BA580195-4014-42EE-655F-B0F3E4D6144C}.Debug|Any CPU.Build.0 = Debug|Any CPU
		{BA580195-4014-42EE-655F-B0F3E4D6144C}.Release|Any CPU.ActiveCfg = Release|Any CPU
		{BA580195-4014-42EE-655F-B0F3E4D6144C}.Release|Any CPU.Build.0 = Release|Any CPU
		{1ED2762F-57BF-C191-AFC2-7B8E18F8F4CE}.Debug|Any CPU.ActiveCfg = Debug|Any CPU
		{1ED2762F-57BF-C191-AFC2-7B8E18F8F4CE}.Debug|Any CPU.Build.0 = Debug|Any CPU
		{1ED2762F-57BF-C191-AFC2-7B8E18F8F4CE}.Release|Any CPU.ActiveCfg = Release|Any CPU
		{1ED2762F-57BF-C191-AFC2-7B8E18F8F4CE}.Release|Any CPU.Build.0 = Release|Any CPU
		{684A1C2D-94D0-940D-39AA-33B83146334B}.Debug|Any CPU.ActiveCfg = Debug|Any CPU
		{684A1C2D-94D0-940D-39AA-33B83146334B}.Debug|Any CPU.Build.0 = Debug|Any CPU
		{684A1C2D-94D0-940D-39AA-33B83146334B}.Release|Any CPU.ActiveCfg = Release|Any CPU
		{684A1C2D-94D0-940D-39AA-33B83146334B}.Release|Any CPU.Build.0 = Release|Any CPU
		{409E9B87-DB62-944A-0442-39AA1A5540B1}.Debug|Any CPU.ActiveCfg = Debug|Any CPU
		{409E9B87-DB62-944A-0442-39AA1A5540B1}.Debug|Any CPU.Build.0 = Debug|Any CPU
		{409E9B87-DB62-944A-0442-39AA1A5540B1}.Release|Any CPU.ActiveCfg = Release|Any CPU
		{409E9B87-DB62-944A-0442-39AA1A5540B1}.Release|Any CPU.Build.0 = Release|Any CPU
		{82E54B6E-A1C7-B7AD-EF40-81C141A3E342}.Debug|Any CPU.ActiveCfg = Debug|Any CPU
		{82E54B6E-A1C7-B7AD-EF40-81C141A3E342}.Debug|Any CPU.Build.0 = Debug|Any CPU
		{82E54B6E-A1C7-B7AD-EF40-81C141A3E342}.Release|Any CPU.ActiveCfg = Release|Any CPU
		{82E54B6E-A1C7-B7AD-EF40-81C141A3E342}.Release|Any CPU.Build.0 = Release|Any CPU
		{5A03ABAA-D588-8FF5-F57C-5F63EBB3A47D}.Debug|Any CPU.ActiveCfg = Debug|Any CPU
		{5A03ABAA-D588-8FF5-F57C-5F63EBB3A47D}.Debug|Any CPU.Build.0 = Debug|Any CPU
		{5A03ABAA-D588-8FF5-F57C-5F63EBB3A47D}.Release|Any CPU.ActiveCfg = Release|Any CPU
		{5A03ABAA-D588-8FF5-F57C-5F63EBB3A47D}.Release|Any CPU.Build.0 = Release|Any CPU
	EndGlobalSection
	GlobalSection(SolutionProperties) = preSolution
		HideSolutionNode = FALSE
	EndGlobalSection
EndGlobal
